
Microsoft Visual Studio Solution File, Format Version 12.00
# Visual Studio Version 17
VisualStudioVersion = 17.9.34728.123
MinimumVisualStudioVersion = 10.0.40219.1
Project("{FAE04EC0-301F-11D3-BF4B-00C04F79EFBC}") = "XBCAD7319-HR-App-Test1", "XBCAD7319-HR-App-Test1.csproj", "{C71BA38E-27C2-4F92-8E76-5381F5FD5061}"
EndProject
Global
	GlobalSection(SolutionConfigurationPlatforms) = preSolution
		Debug|Any CPU = Debug|Any CPU
		Release|Any CPU = Release|Any CPU
	EndGlobalSection
	GlobalSection(ProjectConfigurationPlatforms) = postSolution
		{C71BA38E-27C2-4F92-8E76-5381F5FD5061}.Debug|Any CPU.ActiveCfg = Debug|Any CPU
		{C71BA38E-27C2-4F92-8E76-5381F5FD5061}.Debug|Any CPU.Build.0 = Debug|Any CPU
		{C71BA38E-27C2-4F92-8E76-5381F5FD5061}.Release|Any CPU.ActiveCfg = Release|Any CPU
		{C71BA38E-27C2-4F92-8E76-5381F5FD5061}.Release|Any CPU.Build.0 = Release|Any CPU
	EndGlobalSection
	GlobalSection(SolutionProperties) = preSolution
		HideSolutionNode = FALSE
	EndGlobalSection
	GlobalSection(ExtensibilityGlobals) = postSolution
		SolutionGuid = {0D3AC280-5D49-4ECA-BA4C-E3E6EC388118}
	EndGlobalSection
EndGlobal
